
Microsoft Visual Studio Solution File, Format Version 12.00
# Visual Studio 15
VisualStudioVersion = 15.0.26430.16
MinimumVisualStudioVersion = 10.0.40219.1
Project("{8BC9CEB8-8B4A-11D0-8D11-00A0C91BC942}") = "cpp_redis", "cpp_redis.vcxproj", "{8D6B2E0B-45B0-40CB-AF6B-B917F136EB01}"
	ProjectSection(ProjectDependencies) = postProject
		{5DC28D31-04A5-4509-8EE3-CF16DE77475B} = {5DC28D31-04A5-4509-8EE3-CF16DE77475B}
	EndProjectSection
EndProject
Project("{8BC9CEB8-8B4A-11D0-8D11-00A0C91BC942}") = "tacopie", "..\tacopie\msvc15\tacopie.vcxproj", "{5DC28D31-04A5-4509-8EE3-CF16DE77475B}"
EndProject
Global
	GlobalSection(SolutionConfigurationPlatforms) = preSolution
		Debug|x64 = Debug|x64
		Debug|x86 = Debug|x86
		Release|x64 = Release|x64
		Release|x86 = Release|x86
	EndGlobalSection
	GlobalSection(ProjectConfigurationPlatforms) = postSolution
		{8D6B2E0B-45B0-40CB-AF6B-B917F136EB01}.Debug|x64.ActiveCfg = Debug|x64
		{8D6B2E0B-45B0-40CB-AF6B-B917F136EB01}.Debug|x64.Build.0 = Debug|x64
		{8D6B2E0B-45B0-40CB-AF6B-B917F136EB01}.Debug|x86.ActiveCfg = Debug|Win32
		{8D6B2E0B-45B0-40CB-AF6B-B917F136EB01}.Debug|x86.Build.0 = Debug|Win32
		{8D6B2E0B-45B0-40CB-AF6B-B917F136EB01}.Release|x64.ActiveCfg = Release|x64
		{8D6B2E0B-45B0-40CB-AF6B-B917F136EB01}.Release|x64.Build.0 = Release|x64
		{8D6B2E0B-45B0-40CB-AF6B-B917F136EB01}.Release|x86.ActiveCfg = Release|Win32
		{8D6B2E0B-45B0-40CB-AF6B-B917F136EB01}.Release|x86.Build.0 = Release|Win32
		{5DC28D31-04A5-4509-8EE3-CF16DE77475B}.Debug|x64.ActiveCfg = Debug|x64
		{5DC28D31-04A5-4509-8EE3-CF16DE77475B}.Debug|x64.Build.0 = Debug|x64
		{5DC28D31-04A5-4509-8EE3-CF16DE77475B}.Debug|x86.ActiveCfg = Debug|Win32
		{5DC28D31-04A5-4509-8EE3-CF16DE77475B}.Debug|x86.Build.0 = Debug|Win32
		{5DC28D31-04A5-4509-8EE3-CF16DE77475B}.Release|x64.ActiveCfg = Release|x64
		{5DC28D31-04A5-4509-8EE3-CF16DE77475B}.Release|x64.Build.0 = Release|x64
		{5DC28D31-04A5-4509-8EE3-CF16DE77475B}.Release|x86.ActiveCfg = Release|Win32
		{5DC28D31-04A5-4509-8EE3-CF16DE77475B}.Release|x86.Build.0 = Release|Win32
	EndGlobalSection
	GlobalSection(SolutionProperties) = preSolution
		HideSolutionNode = FALSE
	EndGlobalSection
EndGlobal
